
Microsoft Visual Studio Solution File, Format Version 12.00
# Visual Studio Version 17
VisualStudioVersion = 17.11.35219.272
MinimumVisualStudioVersion = 10.0.40219.1
Project("{FAE04EC0-301F-11D3-BF4B-00C04F79EFBC}") = "Shield.Estimator.Business", "Shield.Estimator.Business\Shield.Estimator.Business.csproj", "{9FAFE65F-3F1E-4DE8-88A3-62673281A88B}"
EndProject
Project("{FAE04EC0-301F-11D3-BF4B-00C04F79EFBC}") = "Shield.Estimator.Shared", "Shield.Estimator\Shield.Estimator.Shared.csproj", "{6A2F9D70-71A1-4135-A26C-C1B96A7D20EE}"
EndProject
Project("{FAE04EC0-301F-11D3-BF4B-00C04F79EFBC}") = "Shield.Estimator.WhisperWpf", "Shield.Estimator.WpfApp\Shield.Estimator.WhisperWpf.csproj", "{1801D976-9A9D-49CE-8526-B95C3249A2FB}"
EndProject
Project("{FAE04EC0-301F-11D3-BF4B-00C04F79EFBC}") = "AudioConverter", "AudioConverter\AudioConverter.csproj", "{E63AD5EE-8527-4570-AF56-D37F0F10807B}"
EndProject
Global
	GlobalSection(SolutionConfigurationPlatforms) = preSolution
		Debug|Any CPU = Debug|Any CPU
		Release|Any CPU = Release|Any CPU
	EndGlobalSection
	GlobalSection(ProjectConfigurationPlatforms) = postSolution
		{9FAFE65F-3F1E-4DE8-88A3-62673281A88B}.Debug|Any CPU.ActiveCfg = Debug|Any CPU
		{9FAFE65F-3F1E-4DE8-88A3-62673281A88B}.Debug|Any CPU.Build.0 = Debug|Any CPU
		{9FAFE65F-3F1E-4DE8-88A3-62673281A88B}.Release|Any CPU.ActiveCfg = Release|Any CPU
		{9FAFE65F-3F1E-4DE8-88A3-62673281A88B}.Release|Any CPU.Build.0 = Release|Any CPU
		{6A2F9D70-71A1-4135-A26C-C1B96A7D20EE}.Debug|Any CPU.ActiveCfg = Debug|Any CPU
		{6A2F9D70-71A1-4135-A26C-C1B96A7D20EE}.Debug|Any CPU.Build.0 = Debug|Any CPU
		{6A2F9D70-71A1-4135-A26C-C1B96A7D20EE}.Release|Any CPU.ActiveCfg = Release|Any CPU
		{6A2F9D70-71A1-4135-A26C-C1B96A7D20EE}.Release|Any CPU.Build.0 = Release|Any CPU
		{1801D976-9A9D-49CE-8526-B95C3249A2FB}.Debug|Any CPU.ActiveCfg = Debug|Any CPU
		{1801D976-9A9D-49CE-8526-B95C3249A2FB}.Debug|Any CPU.Build.0 = Debug|Any CPU
		{1801D976-9A9D-49CE-8526-B95C3249A2FB}.Release|Any CPU.ActiveCfg = Release|Any CPU
		{1801D976-9A9D-49CE-8526-B95C3249A2FB}.Release|Any CPU.Build.0 = Release|Any CPU
		{E63AD5EE-8527-4570-AF56-D37F0F10807B}.Debug|Any CPU.ActiveCfg = Debug|Any CPU
		{E63AD5EE-8527-4570-AF56-D37F0F10807B}.Debug|Any CPU.Build.0 = Debug|Any CPU
		{E63AD5EE-8527-4570-AF56-D37F0F10807B}.Release|Any CPU.ActiveCfg = Release|Any CPU
		{E63AD5EE-8527-4570-AF56-D37F0F10807B}.Release|Any CPU.Build.0 = Release|Any CPU
	EndGlobalSection
	GlobalSection(SolutionProperties) = preSolution
		HideSolutionNode = FALSE
	EndGlobalSection
	GlobalSection(ExtensibilityGlobals) = postSolution
		SolutionGuid = {B4ECC414-5714-4B2E-9744-941AF65D4ABA}
	EndGlobalSection
EndGlobal
